
Microsoft Visual Studio Solution File, Format Version 12.00
# Visual Studio Version 17
VisualStudioVersion = 17.9.34622.214
MinimumVisualStudioVersion = 10.0.40219.1
Project("{FAE04EC0-301F-11D3-BF4B-00C04F79EFBC}") = "PolygonApp", "PolygonApp\PolygonApp.csproj", "{A1FFEC2A-0D33-4595-9F7E-1B8EF7A02AE2}"
EndProject
Global
	GlobalSection(SolutionConfigurationPlatforms) = preSolution
		Debug|Any CPU = Debug|Any CPU
		Release|Any CPU = Release|Any CPU
	EndGlobalSection
	GlobalSection(ProjectConfigurationPlatforms) = postSolution
		{A1FFEC2A-0D33-4595-9F7E-1B8EF7A02AE2}.Debug|Any CPU.ActiveCfg = Debug|Any CPU
		{A1FFEC2A-0D33-4595-9F7E-1B8EF7A02AE2}.Debug|Any CPU.Build.0 = Debug|Any CPU
		{A1FFEC2A-0D33-4595-9F7E-1B8EF7A02AE2}.Release|Any CPU.ActiveCfg = Release|Any CPU
		{A1FFEC2A-0D33-4595-9F7E-1B8EF7A02AE2}.Release|Any CPU.Build.0 = Release|Any CPU
	EndGlobalSection
	GlobalSection(SolutionProperties) = preSolution
		HideSolutionNode = FALSE
	EndGlobalSection
	GlobalSection(ExtensibilityGlobals) = postSolution
		SolutionGuid = {910B6DB2-1074-4665-A8FA-134257D9D453}
	EndGlobalSection
EndGlobal
